{
  "requires": true,
  "lockfileVersion": 1,
  "dependencies": {
    "@kajitool/kajitool-api": {
      "version": "file:build/typescript-angular/kajitool-kajitool-api-1.0.0.tgz",
      "integrity": "sha512-3XAD+yNVQQn9g1w4Wl9NaSkY6TWGjcpxNb5M3RoitJ+0dcLquk/fW4+DfS/dmn9wStGOxT7bal0bvfurs6pVIw=="
    }
  }
}
